
Microsoft Visual Studio Solution File, Format Version 12.00
# Visual Studio Version 16
VisualStudioVersion = 16.0.31702.278
MinimumVisualStudioVersion = 10.0.40219.1
Project("{9A19103F-16F7-4668-BE54-9A1E7A4F7556}") = "Trainer.Studio", "Trainer.Studio\Trainer.Studio.csproj", "{2F8DD3B5-F05C-4AAE-B386-C2E478290BFA}"
EndProject
Global
	GlobalSection(SolutionConfigurationPlatforms) = preSolution
		Debug|Any CPU = Debug|Any CPU
		Release|Any CPU = Release|Any CPU
	EndGlobalSection
	GlobalSection(ProjectConfigurationPlatforms) = postSolution
		{2F8DD3B5-F05C-4AAE-B386-C2E478290BFA}.Debug|Any CPU.ActiveCfg = Debug|Any CPU
		{2F8DD3B5-F05C-4AAE-B386-C2E478290BFA}.Debug|Any CPU.Build.0 = Debug|Any CPU
		{2F8DD3B5-F05C-4AAE-B386-C2E478290BFA}.Release|Any CPU.ActiveCfg = Release|Any CPU
		{2F8DD3B5-F05C-4AAE-B386-C2E478290BFA}.Release|Any CPU.Build.0 = Release|Any CPU
	EndGlobalSection
	GlobalSection(SolutionProperties) = preSolution
		HideSolutionNode = FALSE
	EndGlobalSection
	GlobalSection(ExtensibilityGlobals) = postSolution
		SolutionGuid = {581E27F4-9CD9-4FB8-805B-2BF91955E819}
	EndGlobalSection
EndGlobal
